{
  "name": "lab2",
  "lockfileVersion": 3,
  "requires": true,
  "packages": {
    "": {
      "dependencies": {
        "blind-signatures": "^1.0.7",
        "node-rsa": "^1.1.1"
      }
    },
    "node_modules/asn1": {
      "version": "0.2.6",
      "license": "MIT",
      "dependencies": {
        "safer-buffer": "~2.1.0"
      }
    },
    "node_modules/blind-signatures": {
      "version": "1.0.7",
      "resolved": "https://registry.npmjs.org/blind-signatures/-/blind-signatures-1.0.7.tgz",
      "integrity": "sha512-Md6yLEGGnvZXDKJw0d9P+J0ijNumZXh0K6qb96tCKOK82d+/B3C6sr5KH8dOizu+uiRujGW7KCA9Dr6he5Jkbg==",
      "license": "MIT",
      "dependencies": {
        "js-sha256": "0.9.0",
        "jsbn": "1.1.0",
        "node-rsa": "1.0.8",
        "secure-random": "1.1.2"
      }
    },
    "node_modules/blind-signatures/node_modules/node-rsa": {
      "version": "1.0.8",
      "resolved": "https://registry.npmjs.org/node-rsa/-/node-rsa-1.0.8.tgz",
      "integrity": "sha512-q8knkMHEqViIX/fshOltCHTtlt4Nw5wpBpu0//LB1tkxqYZB/001dYMwbPvTPiENwKvPqVDkhxK6J4fV09oa7w==",
      "license": "MIT",
      "dependencies": {
        "asn1": "^0.2.4"
      }
    },
    "node_modules/js-sha256": {
      "version": "0.9.0",
      "license": "MIT"
    },
    "node_modules/jsbn": {
      "version": "1.1.0",
      "license": "MIT"
    },
    "node_modules/node-rsa": {
      "version": "1.1.1",
      "resolved": "https://registry.npmjs.org/node-rsa/-/node-rsa-1.1.1.tgz",
      "integrity": "sha512-Jd4cvbJMryN21r5HgxQOpMEqv+ooke/korixNNK3mGqfGJmy0M77WDDzo/05969+OkMy3XW1UuZsSmW9KQm7Fw==",
      "license": "MIT",
      "dependencies": {
        "asn1": "^0.2.4"
      }
    },
    "node_modules/safer-buffer": {
      "version": "2.1.2",
      "license": "MIT"
    },
    "node_modules/secure-random": {
      "version": "1.1.2",
      "license": "MIT"
    }
  }
}
